{
    "name": "journal.cpjobling.net",
    "requires": true,
    "lockfileVersion": 1,
    "dependencies": {
        "sax": {
            "version": "1.2.4",
            "resolved": "https://registry.npmjs.org/sax/-/sax-1.2.4.tgz",
            "integrity": "sha512-NqVDv9TpANUjFm0N8uM5GxL36UgKi9/atZw+x7YFnQ8ckwFGKrl4xX4yWtrey3UJm5nP1kUbnYgLopqWNSRhWw=="
        },
        "tiddlywiki": {
            "version": "5.1.21",
            "resolved": "https://registry.npmjs.org/tiddlywiki/-/tiddlywiki-5.1.21.tgz",
            "integrity": "sha512-VuBK9N2u9ttPcaHCh4NmRX3YYB2tMPoIKCHhfNaJ62VGQj8ozmVD+PkvP/w7R50g6HaZtaSsqUJj26gRTIBa6w=="
        }
    }
}
